PODS:
  - Expecta (1.0.6)
  - extobjc (0.0.1)
  - FMDB (2.7.5):
    - FMDB/standard (= 2.7.5)
  - FMDB/standard (2.7.5)
  - OCMock (3.9.1)
  - OHHTTPStubs (9.1.0):
    - OHHTTPStubs/Default (= 9.1.0)
  - OHHTTPStubs/Core (9.1.0)
  - OHHTTPStubs/Default (9.1.0):
    - OHHTTPStubs/Core
    - OHHTTPStubs/JSON
    - OHHTTPStubs/NSURLSession
    - OHHTTPStubs/OHPathHelpers
  - OHHTTPStubs/JSON (9.1.0):
    - OHHTTPStubs/Core
  - OHHTTPStubs/NSURLSession (9.1.0):
    - OHHTTPStubs/Core
  - OHHTTPStubs/OHPathHelpers (9.1.0)
  - PDS_SDK (0.0.4):
    - extobjc
    - FMDB (~> 2.7)
    - YYModel
  - Specta (2.0.0)
  - SVProgressHUD (2.2.5)
  - TZImagePickerController (3.8.3):
    - TZImagePickerController/Basic (= 3.8.3)
    - TZImagePickerController/Location (= 3.8.3)
  - TZImagePickerController/Basic (3.8.3)
  - TZImagePickerController/Location (3.8.3)
  - YYModel (1.0.4)

DEPENDENCIES:
  - Expecta
  - OCMock
  - OHHTTPStubs
  - PDS_SDK (from `../`)
  - Specta
  - SVProgressHUD
  - TZImagePickerController

SPEC REPOS:
  trunk:
    - Expecta
    - extobjc
    - FMDB
    - OCMock
    - OHHTTPStubs
    - Specta
    - SVProgressHUD
    - TZImagePickerController
    - YYModel

EXTERNAL SOURCES:
  PDS_SDK:
    :path: "../"

SPEC CHECKSUMS:
  Expecta: 3b6bd90a64b9a1dcb0b70aa0e10a7f8f631667d5
  extobjc: a55d2f1212ce1cdac4c88bd19594a15c15bab5dc
  FMDB: 2ce00b547f966261cd18927a3ddb07cb6f3db82a
  OCMock: 9491e4bec59e0b267d52a9184ff5605995e74be8
  OHHTTPStubs: 90eac6d8f2c18317baeca36698523dc67c513831
  PDS_SDK: d13866410f3de0d5c0122bd354bfbeb5875f78ce
  Specta: b79d84043684b35ffdc2680df578dc318ec2efc2
  SVProgressHUD: 1428aafac632c1f86f62aa4243ec12008d7a51d6
  TZImagePickerController: e9909edbadf7381140efc5b5c9f5bdbfd630f7d4
  YYModel: 2a7fdd96aaa4b86a824e26d0c517de8928c04b30

PODFILE CHECKSUM: 28392a57df8abe9480ab4a04ead0376955562634

COCOAPODS: 1.11.3
